<?xml version="1.0" encoding="utf-8"?>
<Project ToolsVersion="4.0" xmlns="http://schemas.microsoft.com/developer/msbuild/2003">
  <ItemGroup>
    <Filter Include="Archivos de origen">
      <UniqueIdentifier>{4FC737F1-C7A5-4376-A066-2A32D752A2FF}</UniqueIdentifier>
      <Extensions>cpp;c;cc;cxx;c++;cppm;ixx;def;odl;idl;hpj;bat;asm;asmx</Extensions>
    </Filter>
    <Filter Include="Archivos de encabezado">
      <UniqueIdentifier>{93995380-89BD-4b04-88EB-625FBE52EBFB}</UniqueIdentifier>
      <Extensions>h;hh;hpp;hxx;h++;hm;inl;inc;ipp;xsd</Extensions>
    </Filter>
    <Filter Include="Archivos de recursos">
      <UniqueIdentifier>{67DA6AB6-F800-4c08-8B7A-83BB121AAD01}</UniqueIdentifier>
      <Extensions>rc;ico;cur;bmp;dlg;rc2;rct;bin;rgs;gif;jpg;jpeg;jpe;resx;tiff;tif;png;wav;mfcribbon-ms</Extensions>
    </Filter>
    <Filter Include="Shaders">
      <UniqueIdentifier>{2caa52f4-168b-4995-85a8-245b83da4d32}</UniqueIdentifier>
    </Filter>
    <Filter Include="Shaders\Fragment Shader">
      <UniqueIdentifier>{e243a30f-86f7-4a1d-86d8-adc8203d2fff}</UniqueIdentifier>
    </Filter>
    <Filter Include="Shaders\Vertex Shader">
      <UniqueIdentifier>{5d91298a-307b-4622-b6eb-e86ab1c3de59}</UniqueIdentifier>
    </Filter>
    <Filter Include="Shaders\Geometry Shader">
      <UniqueIdentifier>{1d6c942d-d865-42b8-9b55-4ed00ea734c9}</UniqueIdentifier>
    </Filter>
  </ItemGroup>
  <ItemGroup>
    <ClCompile Include="Source.cpp">
      <Filter>Archivos de recursos</Filter>
    </ClCompile>
    <ClCompile Include="Model.cpp">
      <Filter>Archivos de recursos</Filter>
    </ClCompile>
    <ClCompile Include="Stb.cpp">
      <Filter>Archivos de recursos</Filter>
    </ClCompile>
    <ClCompile Include="camera.cpp">
      <Filter>Archivos de recursos</Filter>
    </ClCompile>
    <ClCompile Include="Cube.cpp">
      <Filter>Archivos de recursos</Filter>
    </ClCompile>
    <ClCompile Include="GameObject.cpp">
      <Filter>Archivos de recursos</Filter>
    </ClCompile>
    <ClCompile Include="InputManager.cpp">
      <Filter>Archivos de recursos</Filter>
    </ClCompile>
    <ClCompile Include="MatrixTools.cpp">
      <Filter>Archivos de recursos</Filter>
    </ClCompile>
  </ItemGroup>
  <ItemGroup>
    <None Include="VertexShader.glsl">
      <Filter>Shaders\Vertex Shader</Filter>
    </None>
    <None Include="GeometryShader.glsl">
      <Filter>Shaders\Geometry Shader</Filter>
    </None>
    <None Include="FragmentShader.glsl">
      <Filter>Shaders\Fragment Shader</Filter>
    </None>
  </ItemGroup>
  <ItemGroup>
    <ClInclude Include="GameObject.h">
      <Filter>Archivos de encabezado</Filter>
    </ClInclude>
    <ClInclude Include="MatrixTools.h">
      <Filter>Archivos de encabezado</Filter>
    </ClInclude>
    <ClInclude Include="Cube.h">
      <Filter>Archivos de encabezado</Filter>
    </ClInclude>
    <ClInclude Include="InputManager.h">
      <Filter>Archivos de encabezado</Filter>
    </ClInclude>
    <ClInclude Include="Model.h">
      <Filter>Archivos de encabezado</Filter>
    </ClInclude>
    <ClInclude Include="camera.h">
      <Filter>Archivos de encabezado</Filter>
    </ClInclude>
  </ItemGroup>
</Project>